
Microsoft Visual Studio Solution File, Format Version 12.00
# Visual Studio Version 17
VisualStudioVersion = 17.12.35527.113
MinimumVisualStudioVersion = 10.0.40219.1
Project("{8BC9CEB8-8B4A-11D0-8D11-00A0C91BC942}") = "Mobility.HvGcs", "Mobility.HvGcs\Mobility.HvGcs.vcxproj", "{30B9DE98-9479-4E1B-AAFA-D754BD5F7182}"
EndProject
Project("{8BC9CEB8-8B4A-11D0-8D11-00A0C91BC942}") = "Mobility.MinUap", "Mobility.MinUap\Mobility.MinUap.vcxproj", "{A158BB1B-480D-4622-B0F1-517D8F366BC1}"
EndProject
Project("{8BC9CEB8-8B4A-11D0-8D11-00A0C91BC942}") = "Mobility.OneCent", "Mobility.OneCent\Mobility.OneCent.vcxproj", "{049B9A7F-7074-41FB-8779-FBEBEDD302F6}"
EndProject
Project("{8BC9CEB8-8B4A-11D0-8D11-00A0C91BC942}") = "Mobility.Retrovisor", "Mobility.Retrovisor\Mobility.Retrovisor.vcxproj", "{116FF7D7-FC6D-4850-8C83-9BB855C35574}"
EndProject
Project("{8BC9CEB8-8B4A-11D0-8D11-00A0C91BC942}") = "Mobility.Core.Uefi", "Mobility.Core.Uefi\Mobility.Core.Uefi.vcxproj", "{3FBDCF0B-51B2-47D8-990A-381F636ADD5D}"
EndProject
Project("{8BC9CEB8-8B4A-11D0-8D11-00A0C91BC942}") = "Mobility.Core", "Mobility.Core\Mobility.Core.vcxproj", "{13E81037-2BC9-4DC8-91AE-6B463759269B}"
EndProject
Project("{8BC9CEB8-8B4A-11D0-8D11-00A0C91BC942}") = "Mobility.Otokonoko", "Mobility.Otokonoko\Mobility.Otokonoko.vcxproj", "{AA62DA47-4A3D-470C-8148-CC7CB65E6F4C}"
EndProject
Global
	GlobalSection(SolutionConfigurationPlatforms) = preSolution
		Debug|ARM64 = Debug|ARM64
		Debug|x64 = Debug|x64
		Release|ARM64 = Release|ARM64
		Release|x64 = Release|x64
	EndGlobalSection
	GlobalSection(ProjectConfigurationPlatforms) = postSolution
		{30B9DE98-9479-4E1B-AAFA-D754BD5F7182}.Debug|ARM64.ActiveCfg = Debug|x64
		{30B9DE98-9479-4E1B-AAFA-D754BD5F7182}.Debug|x64.ActiveCfg = Debug|x64
		{30B9DE98-9479-4E1B-AAFA-D754BD5F7182}.Debug|x64.Build.0 = Debug|x64
		{30B9DE98-9479-4E1B-AAFA-D754BD5F7182}.Release|ARM64.ActiveCfg = Release|x64
		{30B9DE98-9479-4E1B-AAFA-D754BD5F7182}.Release|x64.ActiveCfg = Release|x64
		{30B9DE98-9479-4E1B-AAFA-D754BD5F7182}.Release|x64.Build.0 = Release|x64
		{A158BB1B-480D-4622-B0F1-517D8F366BC1}.Debug|ARM64.ActiveCfg = Debug|ARM64
		{A158BB1B-480D-4622-B0F1-517D8F366BC1}.Debug|ARM64.Build.0 = Debug|ARM64
		{A158BB1B-480D-4622-B0F1-517D8F366BC1}.Debug|x64.ActiveCfg = Debug|x64
		{A158BB1B-480D-4622-B0F1-517D8F366BC1}.Debug|x64.Build.0 = Debug|x64
		{A158BB1B-480D-4622-B0F1-517D8F366BC1}.Release|ARM64.ActiveCfg = Release|ARM64
		{A158BB1B-480D-4622-B0F1-517D8F366BC1}.Release|ARM64.Build.0 = Release|ARM64
		{A158BB1B-480D-4622-B0F1-517D8F366BC1}.Release|x64.ActiveCfg = Release|x64
		{A158BB1B-480D-4622-B0F1-517D8F366BC1}.Release|x64.Build.0 = Release|x64
		{049B9A7F-7074-41FB-8779-FBEBEDD302F6}.Debug|ARM64.ActiveCfg = Debug|x64
		{049B9A7F-7074-41FB-8779-FBEBEDD302F6}.Debug|x64.ActiveCfg = Debug|x64
		{049B9A7F-7074-41FB-8779-FBEBEDD302F6}.Debug|x64.Build.0 = Debug|x64
		{049B9A7F-7074-41FB-8779-FBEBEDD302F6}.Release|ARM64.ActiveCfg = Release|x64
		{049B9A7F-7074-41FB-8779-FBEBEDD302F6}.Release|x64.ActiveCfg = Release|x64
		{049B9A7F-7074-41FB-8779-FBEBEDD302F6}.Release|x64.Build.0 = Release|x64
		{116FF7D7-FC6D-4850-8C83-9BB855C35574}.Debug|ARM64.ActiveCfg = Debug|x64
		{116FF7D7-FC6D-4850-8C83-9BB855C35574}.Debug|x64.ActiveCfg = Debug|x64
		{116FF7D7-FC6D-4850-8C83-9BB855C35574}.Debug|x64.Build.0 = Debug|x64
		{116FF7D7-FC6D-4850-8C83-9BB855C35574}.Release|ARM64.ActiveCfg = Release|x64
		{116FF7D7-FC6D-4850-8C83-9BB855C35574}.Release|x64.ActiveCfg = Release|x64
		{116FF7D7-FC6D-4850-8C83-9BB855C35574}.Release|x64.Build.0 = Release|x64
		{3FBDCF0B-51B2-47D8-990A-381F636ADD5D}.Debug|ARM64.ActiveCfg = Debug|ARM64
		{3FBDCF0B-51B2-47D8-990A-381F636ADD5D}.Debug|ARM64.Build.0 = Debug|ARM64
		{3FBDCF0B-51B2-47D8-990A-381F636ADD5D}.Debug|x64.ActiveCfg = Debug|x64
		{3FBDCF0B-51B2-47D8-990A-381F636ADD5D}.Debug|x64.Build.0 = Debug|x64
		{3FBDCF0B-51B2-47D8-990A-381F636ADD5D}.Release|ARM64.ActiveCfg = Release|ARM64
		{3FBDCF0B-51B2-47D8-990A-381F636ADD5D}.Release|ARM64.Build.0 = Release|ARM64
		{3FBDCF0B-51B2-47D8-990A-381F636ADD5D}.Release|x64.ActiveCfg = Release|x64
		{3FBDCF0B-51B2-47D8-990A-381F636ADD5D}.Release|x64.Build.0 = Release|x64
		{13E81037-2BC9-4DC8-91AE-6B463759269B}.Debug|ARM64.ActiveCfg = Debug|ARM64
		{13E81037-2BC9-4DC8-91AE-6B463759269B}.Debug|ARM64.Build.0 = Debug|ARM64
		{13E81037-2BC9-4DC8-91AE-6B463759269B}.Debug|x64.ActiveCfg = Debug|x64
		{13E81037-2BC9-4DC8-91AE-6B463759269B}.Debug|x64.Build.0 = Debug|x64
		{13E81037-2BC9-4DC8-91AE-6B463759269B}.Release|ARM64.ActiveCfg = Release|ARM64
		{13E81037-2BC9-4DC8-91AE-6B463759269B}.Release|ARM64.Build.0 = Release|ARM64
		{13E81037-2BC9-4DC8-91AE-6B463759269B}.Release|x64.ActiveCfg = Release|x64
		{13E81037-2BC9-4DC8-91AE-6B463759269B}.Release|x64.Build.0 = Release|x64
		{AA62DA47-4A3D-470C-8148-CC7CB65E6F4C}.Debug|ARM64.ActiveCfg = Debug|ARM64
		{AA62DA47-4A3D-470C-8148-CC7CB65E6F4C}.Debug|ARM64.Build.0 = Debug|ARM64
		{AA62DA47-4A3D-470C-8148-CC7CB65E6F4C}.Debug|x64.ActiveCfg = Debug|x64
		{AA62DA47-4A3D-470C-8148-CC7CB65E6F4C}.Debug|x64.Build.0 = Debug|x64
		{AA62DA47-4A3D-470C-8148-CC7CB65E6F4C}.Release|ARM64.ActiveCfg = Release|ARM64
		{AA62DA47-4A3D-470C-8148-CC7CB65E6F4C}.Release|ARM64.Build.0 = Release|ARM64
		{AA62DA47-4A3D-470C-8148-CC7CB65E6F4C}.Release|x64.ActiveCfg = Release|x64
		{AA62DA47-4A3D-470C-8148-CC7CB65E6F4C}.Release|x64.Build.0 = Release|x64
	EndGlobalSection
	GlobalSection(SolutionProperties) = preSolution
		HideSolutionNode = FALSE
	EndGlobalSection
EndGlobal
